
Microsoft Visual Studio Solution File, Format Version 12.00
# Visual Studio Version 17
VisualStudioVersion = 17.4.33205.214
MinimumVisualStudioVersion = 10.0.40219.1
Project("{FAE04EC0-301F-11D3-BF4B-00C04F79EFBC}") = "TRProjeto_RestFull", "TRProjeto_RestFull.csproj", "{3CAA1667-18A0-44E2-8F19-377D3E3E28DB}"
EndProject
Global
	GlobalSection(SolutionConfigurationPlatforms) = preSolution
		Debug|Any CPU = Debug|Any CPU
		Release|Any CPU = Release|Any CPU
	EndGlobalSection
	GlobalSection(ProjectConfigurationPlatforms) = postSolution
		{3CAA1667-18A0-44E2-8F19-377D3E3E28DB}.Debug|Any CPU.ActiveCfg = Debug|Any CPU
		{3CAA1667-18A0-44E2-8F19-377D3E3E28DB}.Debug|Any CPU.Build.0 = Debug|Any CPU
		{3CAA1667-18A0-44E2-8F19-377D3E3E28DB}.Release|Any CPU.ActiveCfg = Release|Any CPU
		{3CAA1667-18A0-44E2-8F19-377D3E3E28DB}.Release|Any CPU.Build.0 = Release|Any CPU
	EndGlobalSection
	GlobalSection(SolutionProperties) = preSolution
		HideSolutionNode = FALSE
	EndGlobalSection
	GlobalSection(ExtensibilityGlobals) = postSolution
		SolutionGuid = {CCFE094C-5748-47F8-9E8D-26F1161A6834}
	EndGlobalSection
EndGlobal
